
Microsoft Visual Studio Solution File, Format Version 12.00
# Visual Studio Version 16
VisualStudioVersion = 16.0.30621.155
MinimumVisualStudioVersion = 10.0.40219.1
Project("{9A19103F-16F7-4668-BE54-9A1E7A4F7556}") = "Test", "Test\Test.csproj", "{217FAA3D-F0E1-4BF1-9078-27ED008BC947}"
EndProject
Project("{9A19103F-16F7-4668-BE54-9A1E7A4F7556}") = "Test.Core", "Test.Core\Test.Core.csproj", "{55447F2A-5ED0-4FB7-BF4D-7DA466B22190}"
EndProject
Project("{9A19103F-16F7-4668-BE54-9A1E7A4F7556}") = "Test.Data", "Test.Data\Test.Data.csproj", "{D03FAC91-FE0B-4BB5-AA85-606642C929BF}"
EndProject
Project("{E24C65DC-7377-472B-9ABA-BC803B73C61A}") = "Test.FrontEnd", "Test.FrontEnd\", "{BF7BEA2E-C0DF-48F7-912C-8017B9584096}"
	ProjectSection(WebsiteProperties) = preProject
		TargetFrameworkMoniker = ".NETFramework,Version%3Dv4.0"
		Debug.AspNetCompiler.VirtualPath = "/localhost_59956"
		Debug.AspNetCompiler.PhysicalPath = "Test.FrontEnd\"
		Debug.AspNetCompiler.TargetPath = "PrecompiledWeb\localhost_59956\"
		Debug.AspNetCompiler.Updateable = "true"
		Debug.AspNetCompiler.ForceOverwrite = "true"
		Debug.AspNetCompiler.FixedNames = "false"
		Debug.AspNetCompiler.Debug = "True"
		Release.AspNetCompiler.VirtualPath = "/localhost_59956"
		Release.AspNetCompiler.PhysicalPath = "Test.FrontEnd\"
		Release.AspNetCompiler.TargetPath = "PrecompiledWeb\localhost_59956\"
		Release.AspNetCompiler.Updateable = "true"
		Release.AspNetCompiler.ForceOverwrite = "true"
		Release.AspNetCompiler.FixedNames = "false"
		Release.AspNetCompiler.Debug = "False"
		VWDPort = "59956"
		SlnRelativePath = "Test.FrontEnd\"
	EndProjectSection
EndProject
Global
	GlobalSection(SolutionConfigurationPlatforms) = preSolution
		Debug|Any CPU = Debug|Any CPU
		Release|Any CPU = Release|Any CPU
	EndGlobalSection
	GlobalSection(ProjectConfigurationPlatforms) = postSolution
		{217FAA3D-F0E1-4BF1-9078-27ED008BC947}.Debug|Any CPU.ActiveCfg = Debug|Any CPU
		{217FAA3D-F0E1-4BF1-9078-27ED008BC947}.Debug|Any CPU.Build.0 = Debug|Any CPU
		{217FAA3D-F0E1-4BF1-9078-27ED008BC947}.Release|Any CPU.ActiveCfg = Release|Any CPU
		{217FAA3D-F0E1-4BF1-9078-27ED008BC947}.Release|Any CPU.Build.0 = Release|Any CPU
		{55447F2A-5ED0-4FB7-BF4D-7DA466B22190}.Debug|Any CPU.ActiveCfg = Debug|Any CPU
		{55447F2A-5ED0-4FB7-BF4D-7DA466B22190}.Debug|Any CPU.Build.0 = Debug|Any CPU
		{55447F2A-5ED0-4FB7-BF4D-7DA466B22190}.Release|Any CPU.ActiveCfg = Release|Any CPU
		{55447F2A-5ED0-4FB7-BF4D-7DA466B22190}.Release|Any CPU.Build.0 = Release|Any CPU
		{D03FAC91-FE0B-4BB5-AA85-606642C929BF}.Debug|Any CPU.ActiveCfg = Debug|Any CPU
		{D03FAC91-FE0B-4BB5-AA85-606642C929BF}.Debug|Any CPU.Build.0 = Debug|Any CPU
		{D03FAC91-FE0B-4BB5-AA85-606642C929BF}.Release|Any CPU.ActiveCfg = Release|Any CPU
		{D03FAC91-FE0B-4BB5-AA85-606642C929BF}.Release|Any CPU.Build.0 = Release|Any CPU
		{BF7BEA2E-C0DF-48F7-912C-8017B9584096}.Debug|Any CPU.ActiveCfg = Debug|Any CPU
		{BF7BEA2E-C0DF-48F7-912C-8017B9584096}.Debug|Any CPU.Build.0 = Debug|Any CPU
		{BF7BEA2E-C0DF-48F7-912C-8017B9584096}.Release|Any CPU.ActiveCfg = Debug|Any CPU
		{BF7BEA2E-C0DF-48F7-912C-8017B9584096}.Release|Any CPU.Build.0 = Debug|Any CPU
	EndGlobalSection
	GlobalSection(SolutionProperties) = preSolution
		HideSolutionNode = FALSE
	EndGlobalSection
	GlobalSection(ExtensibilityGlobals) = postSolution
		SolutionGuid = {8CFDB100-10F9-405E-A050-822017F0CB82}
	EndGlobalSection
EndGlobal
